
Microsoft Visual Studio Solution File, Format Version 12.00
# Visual Studio 14
VisualStudioVersion = 14.0.24720.0
MinimumVisualStudioVersion = 10.0.40219.1
Project("{FAE04EC0-301F-11D3-BF4B-00C04F79EFBC}") = "Project 10", "Project 10\Project 10.csproj", "{60F18E93-271B-4E03-A6CE-767197E23140}"
EndProject
Global
	GlobalSection(SolutionConfigurationPlatforms) = preSolution
		Debug|Any CPU = Debug|Any CPU
		Release|Any CPU = Release|Any CPU
	EndGlobalSection
	GlobalSection(ProjectConfigurationPlatforms) = postSolution
		{60F18E93-271B-4E03-A6CE-767197E23140}.Debug|Any CPU.ActiveCfg = Debug|Any CPU
		{60F18E93-271B-4E03-A6CE-767197E23140}.Debug|Any CPU.Build.0 = Debug|Any CPU
		{60F18E93-271B-4E03-A6CE-767197E23140}.Release|Any CPU.ActiveCfg = Release|Any CPU
		{60F18E93-271B-4E03-A6CE-767197E23140}.Release|Any CPU.Build.0 = Release|Any CPU
	EndGlobalSection
	GlobalSection(SolutionProperties) = preSolution
		HideSolutionNode = FALSE
	EndGlobalSection
EndGlobal
